{
  "originHash" : "214241da42799d8aad644ea38bac4ff7b0014d34844c7632c0a8943644dd71e0",
  "pins" : [
    {
      "identity" : "specificationcore",
      "kind" : "remoteSourceControl",
      "location" : "https://github.com/SoundBlaster/SpecificationCore.git",
      "state" : {
        "revision" : "f3ed68ce29db42de54a4ae905a304b61bdc50ce7",
        "version" : "1.1.0"
      }
    },
    {
      "identity" : "swift-syntax",
      "kind" : "remoteSourceControl",
      "location" : "https://github.com/swiftlang/swift-syntax",
      "state" : {
        "revision" : "2bc86522d115234d1f588efe2bcb4ce4be8f8b82",
        "version" : "510.0.3"
      }
    }
  ],
  "version" : 3
}
